
Microsoft Visual Studio Solution File, Format Version 12.00
# Visual Studio 15
VisualStudioVersion = 15.0.26403.7
MinimumVisualStudioVersion = 10.0.40219.1
Project("{2150E333-8FDC-42A3-9474-1A3956D46DE8}") = "BankExercise", "BankExercise", "{54048983-4044-4749-AAEF-E2ACF37BF699}"
EndProject
Project("{2150E333-8FDC-42A3-9474-1A3956D46DE8}") = "Project1-Email", "Project1-Email", "{130C645B-BEBB-4989-A333-0B58A37DB7C1}"
EndProject
Project("{FAE04EC0-301F-11D3-BF4B-00C04F79EFBC}") = "BankExercise", "BankExercise\BankExercise.csproj", "{BE455311-34B2-40AE-92F9-4E9215927E10}"
EndProject
Project("{FAE04EC0-301F-11D3-BF4B-00C04F79EFBC}") = "BankExercise.Test", "BankExercise.Test\BankExercise.Test.csproj", "{41839354-E431-4217-A4D0-CC65DA702083}"
EndProject
Project("{FAE04EC0-301F-11D3-BF4B-00C04F79EFBC}") = "ValidationEngine", "ValidationEngine\ValidationEngine.csproj", "{FF9808A8-DE08-4FB0-86BA-0BF7AF264D63}"
EndProject
Project("{FAE04EC0-301F-11D3-BF4B-00C04F79EFBC}") = "ValidationEngine .Test", "ValidationEngine .Test\ValidationEngine .Test.csproj", "{5E89017A-C40B-48F5-866B-1874000D8A85}"
EndProject
Project("{2150E333-8FDC-42A3-9474-1A3956D46DE8}") = "Project-Kenya", "Project-Kenya", "{41FAA79D-3F5A-4B25-9F25-28C1CDE13141}"
EndProject
Project("{FAE04EC0-301F-11D3-BF4B-00C04F79EFBC}") = "TravelAgency", "TravelAgency\TravelAgency.csproj", "{D236B029-DBC5-45D7-98C3-F2509EACC337}"
EndProject
Project("{FAE04EC0-301F-11D3-BF4B-00C04F79EFBC}") = "TravelAgencyTests", "TravelAgencyTests\TravelAgencyTests.csproj", "{2716B0A5-89A1-4831-8E57-BB8095F385E9}"
EndProject
Project("{2150E333-8FDC-42A3-9474-1A3956D46DE8}") = "CompanyExercise", "CompanyExercise", "{8675F10F-638E-43DD-8094-43BF3973C828}"
EndProject
Project("{FAE04EC0-301F-11D3-BF4B-00C04F79EFBC}") = "EmplayeeRegistry", "EmplayeeRegistry\EmplayeeRegistry.csproj", "{793AC4E1-1903-4A09-B275-6FB247AB6FA1}"
EndProject
Project("{FAE04EC0-301F-11D3-BF4B-00C04F79EFBC}") = "EmplayeeRegistry.Test", "EmplayeeRegistry.Test\EmplayeeRegistry.Test.csproj", "{AE18A968-9051-43FB-A92A-1ABA77A0CA6C}"
EndProject
Project("{2150E333-8FDC-42A3-9474-1A3956D46DE8}") = "String Calculator", "String Calculator", "{6112FCF7-7C64-4716-A46B-F832314063E9}"
EndProject
Project("{FAE04EC0-301F-11D3-BF4B-00C04F79EFBC}") = "StringCalculator", "StringCalculator\StringCalculator.csproj", "{B07731AB-21A7-4B7C-985C-D3EDDFB1D83D}"
EndProject
Project("{FAE04EC0-301F-11D3-BF4B-00C04F79EFBC}") = "StringCalculator.Test", "StringCalculator.Test\StringCalculator.Test.csproj", "{2D8BAEAB-42CF-4B54-9D3B-9B98719CF69D}"
EndProject
Project("{2150E333-8FDC-42A3-9474-1A3956D46DE8}") = "NewFolder1", "NewFolder1", "{6C9513DE-8143-47A8-8B10-BC30A8F57F15}"
EndProject
Project("{2150E333-8FDC-42A3-9474-1A3956D46DE8}") = "MsTest", "MsTest", "{9E55EC0E-7560-4FB3-B9D9-E2F6E333A8A0}"
EndProject
Project("{FAE04EC0-301F-11D3-BF4B-00C04F79EFBC}") = "MsTesting", "MsTesting\MsTesting.csproj", "{86FE1E61-969A-4CB0-B368-4081D261EE42}"
EndProject
Project("{FAE04EC0-301F-11D3-BF4B-00C04F79EFBC}") = "MsTesting.Test", "MsTesting.Test\MsTesting.Test.csproj", "{7571083D-D592-4597-85E2-F35C572F10C7}"
EndProject
Project("{2150E333-8FDC-42A3-9474-1A3956D46DE8}") = "Extra Exercise 3", "Extra Exercise 3", "{6B7868A2-BD22-408E-BDD2-AD6426CE123F}"
EndProject
Project("{FAE04EC0-301F-11D3-BF4B-00C04F79EFBC}") = "Nsubstututeing", "Nsubstututeing\Nsubstututeing.csproj", "{15C6686D-812B-4A5F-8109-D7A8987821E7}"
EndProject
Project("{FAE04EC0-301F-11D3-BF4B-00C04F79EFBC}") = "Nsubstituting.Test", "Nsubstituting.Test\Nsubstituting.Test.csproj", "{4CC32D5C-FCE1-4CAB-B47F-4C5AA78AFD49}"
EndProject
Global
	GlobalSection(SolutionConfigurationPlatforms) = preSolution
		Debug|Any CPU = Debug|Any CPU
		Release|Any CPU = Release|Any CPU
	EndGlobalSection
	GlobalSection(ProjectConfigurationPlatforms) = postSolution
		{BE455311-34B2-40AE-92F9-4E9215927E10}.Debug|Any CPU.ActiveCfg = Debug|Any CPU
		{BE455311-34B2-40AE-92F9-4E9215927E10}.Debug|Any CPU.Build.0 = Debug|Any CPU
		{BE455311-34B2-40AE-92F9-4E9215927E10}.Release|Any CPU.ActiveCfg = Release|Any CPU
		{BE455311-34B2-40AE-92F9-4E9215927E10}.Release|Any CPU.Build.0 = Release|Any CPU
		{41839354-E431-4217-A4D0-CC65DA702083}.Debug|Any CPU.ActiveCfg = Debug|Any CPU
		{41839354-E431-4217-A4D0-CC65DA702083}.Debug|Any CPU.Build.0 = Debug|Any CPU
		{41839354-E431-4217-A4D0-CC65DA702083}.Release|Any CPU.ActiveCfg = Release|Any CPU
		{41839354-E431-4217-A4D0-CC65DA702083}.Release|Any CPU.Build.0 = Release|Any CPU
		{FF9808A8-DE08-4FB0-86BA-0BF7AF264D63}.Debug|Any CPU.ActiveCfg = Debug|Any CPU
		{FF9808A8-DE08-4FB0-86BA-0BF7AF264D63}.Debug|Any CPU.Build.0 = Debug|Any CPU
		{FF9808A8-DE08-4FB0-86BA-0BF7AF264D63}.Release|Any CPU.ActiveCfg = Release|Any CPU
		{FF9808A8-DE08-4FB0-86BA-0BF7AF264D63}.Release|Any CPU.Build.0 = Release|Any CPU
		{5E89017A-C40B-48F5-866B-1874000D8A85}.Debug|Any CPU.ActiveCfg = Debug|Any CPU
		{5E89017A-C40B-48F5-866B-1874000D8A85}.Debug|Any CPU.Build.0 = Debug|Any CPU
		{5E89017A-C40B-48F5-866B-1874000D8A85}.Release|Any CPU.ActiveCfg = Release|Any CPU
		{5E89017A-C40B-48F5-866B-1874000D8A85}.Release|Any CPU.Build.0 = Release|Any CPU
		{D236B029-DBC5-45D7-98C3-F2509EACC337}.Debug|Any CPU.ActiveCfg = Debug|Any CPU
		{D236B029-DBC5-45D7-98C3-F2509EACC337}.Debug|Any CPU.Build.0 = Debug|Any CPU
		{D236B029-DBC5-45D7-98C3-F2509EACC337}.Release|Any CPU.ActiveCfg = Release|Any CPU
		{D236B029-DBC5-45D7-98C3-F2509EACC337}.Release|Any CPU.Build.0 = Release|Any CPU
		{2716B0A5-89A1-4831-8E57-BB8095F385E9}.Debug|Any CPU.ActiveCfg = Debug|Any CPU
		{2716B0A5-89A1-4831-8E57-BB8095F385E9}.Debug|Any CPU.Build.0 = Debug|Any CPU
		{2716B0A5-89A1-4831-8E57-BB8095F385E9}.Release|Any CPU.ActiveCfg = Release|Any CPU
		{2716B0A5-89A1-4831-8E57-BB8095F385E9}.Release|Any CPU.Build.0 = Release|Any CPU
		{793AC4E1-1903-4A09-B275-6FB247AB6FA1}.Debug|Any CPU.ActiveCfg = Debug|Any CPU
		{793AC4E1-1903-4A09-B275-6FB247AB6FA1}.Debug|Any CPU.Build.0 = Debug|Any CPU
		{793AC4E1-1903-4A09-B275-6FB247AB6FA1}.Release|Any CPU.ActiveCfg = Release|Any CPU
		{793AC4E1-1903-4A09-B275-6FB247AB6FA1}.Release|Any CPU.Build.0 = Release|Any CPU
		{AE18A968-9051-43FB-A92A-1ABA77A0CA6C}.Debug|Any CPU.ActiveCfg = Debug|Any CPU
		{AE18A968-9051-43FB-A92A-1ABA77A0CA6C}.Debug|Any CPU.Build.0 = Debug|Any CPU
		{AE18A968-9051-43FB-A92A-1ABA77A0CA6C}.Release|Any CPU.ActiveCfg = Release|Any CPU
		{AE18A968-9051-43FB-A92A-1ABA77A0CA6C}.Release|Any CPU.Build.0 = Release|Any CPU
		{B07731AB-21A7-4B7C-985C-D3EDDFB1D83D}.Debug|Any CPU.ActiveCfg = Debug|Any CPU
		{B07731AB-21A7-4B7C-985C-D3EDDFB1D83D}.Debug|Any CPU.Build.0 = Debug|Any CPU
		{B07731AB-21A7-4B7C-985C-D3EDDFB1D83D}.Release|Any CPU.ActiveCfg = Release|Any CPU
		{B07731AB-21A7-4B7C-985C-D3EDDFB1D83D}.Release|Any CPU.Build.0 = Release|Any CPU
		{2D8BAEAB-42CF-4B54-9D3B-9B98719CF69D}.Debug|Any CPU.ActiveCfg = Debug|Any CPU
		{2D8BAEAB-42CF-4B54-9D3B-9B98719CF69D}.Debug|Any CPU.Build.0 = Debug|Any CPU
		{2D8BAEAB-42CF-4B54-9D3B-9B98719CF69D}.Release|Any CPU.ActiveCfg = Release|Any CPU
		{2D8BAEAB-42CF-4B54-9D3B-9B98719CF69D}.Release|Any CPU.Build.0 = Release|Any CPU
		{86FE1E61-969A-4CB0-B368-4081D261EE42}.Debug|Any CPU.ActiveCfg = Debug|Any CPU
		{86FE1E61-969A-4CB0-B368-4081D261EE42}.Debug|Any CPU.Build.0 = Debug|Any CPU
		{86FE1E61-969A-4CB0-B368-4081D261EE42}.Release|Any CPU.ActiveCfg = Release|Any CPU
		{86FE1E61-969A-4CB0-B368-4081D261EE42}.Release|Any CPU.Build.0 = Release|Any CPU
		{7571083D-D592-4597-85E2-F35C572F10C7}.Debug|Any CPU.ActiveCfg = Debug|Any CPU
		{7571083D-D592-4597-85E2-F35C572F10C7}.Debug|Any CPU.Build.0 = Debug|Any CPU
		{7571083D-D592-4597-85E2-F35C572F10C7}.Release|Any CPU.ActiveCfg = Release|Any CPU
		{7571083D-D592-4597-85E2-F35C572F10C7}.Release|Any CPU.Build.0 = Release|Any CPU
		{15C6686D-812B-4A5F-8109-D7A8987821E7}.Debug|Any CPU.ActiveCfg = Debug|Any CPU
		{15C6686D-812B-4A5F-8109-D7A8987821E7}.Debug|Any CPU.Build.0 = Debug|Any CPU
		{15C6686D-812B-4A5F-8109-D7A8987821E7}.Release|Any CPU.ActiveCfg = Release|Any CPU
		{15C6686D-812B-4A5F-8109-D7A8987821E7}.Release|Any CPU.Build.0 = Release|Any CPU
		{4CC32D5C-FCE1-4CAB-B47F-4C5AA78AFD49}.Debug|Any CPU.ActiveCfg = Debug|Any CPU
		{4CC32D5C-FCE1-4CAB-B47F-4C5AA78AFD49}.Debug|Any CPU.Build.0 = Debug|Any CPU
		{4CC32D5C-FCE1-4CAB-B47F-4C5AA78AFD49}.Release|Any CPU.ActiveCfg = Release|Any CPU
		{4CC32D5C-FCE1-4CAB-B47F-4C5AA78AFD49}.Release|Any CPU.Build.0 = Release|Any CPU
	EndGlobalSection
	GlobalSection(SolutionProperties) = preSolution
		HideSolutionNode = FALSE
	EndGlobalSection
	GlobalSection(NestedProjects) = preSolution
		{BE455311-34B2-40AE-92F9-4E9215927E10} = {54048983-4044-4749-AAEF-E2ACF37BF699}
		{41839354-E431-4217-A4D0-CC65DA702083} = {54048983-4044-4749-AAEF-E2ACF37BF699}
		{FF9808A8-DE08-4FB0-86BA-0BF7AF264D63} = {130C645B-BEBB-4989-A333-0B58A37DB7C1}
		{5E89017A-C40B-48F5-866B-1874000D8A85} = {130C645B-BEBB-4989-A333-0B58A37DB7C1}
		{D236B029-DBC5-45D7-98C3-F2509EACC337} = {41FAA79D-3F5A-4B25-9F25-28C1CDE13141}
		{2716B0A5-89A1-4831-8E57-BB8095F385E9} = {41FAA79D-3F5A-4B25-9F25-28C1CDE13141}
		{793AC4E1-1903-4A09-B275-6FB247AB6FA1} = {8675F10F-638E-43DD-8094-43BF3973C828}
		{AE18A968-9051-43FB-A92A-1ABA77A0CA6C} = {8675F10F-638E-43DD-8094-43BF3973C828}
		{B07731AB-21A7-4B7C-985C-D3EDDFB1D83D} = {6112FCF7-7C64-4716-A46B-F832314063E9}
		{2D8BAEAB-42CF-4B54-9D3B-9B98719CF69D} = {6112FCF7-7C64-4716-A46B-F832314063E9}
		{86FE1E61-969A-4CB0-B368-4081D261EE42} = {9E55EC0E-7560-4FB3-B9D9-E2F6E333A8A0}
		{7571083D-D592-4597-85E2-F35C572F10C7} = {9E55EC0E-7560-4FB3-B9D9-E2F6E333A8A0}
		{15C6686D-812B-4A5F-8109-D7A8987821E7} = {6B7868A2-BD22-408E-BDD2-AD6426CE123F}
		{4CC32D5C-FCE1-4CAB-B47F-4C5AA78AFD49} = {6B7868A2-BD22-408E-BDD2-AD6426CE123F}
	EndGlobalSection
EndGlobal
