
Microsoft Visual Studio Solution File, Format Version 12.00
# Visual Studio 15
VisualStudioVersion = 15.0.26403.7
MinimumVisualStudioVersion = 10.0.40219.1
Project("{2150E333-8FDC-42A3-9474-1A3956D46DE8}") = "BankExercise", "BankExercise", "{54048983-4044-4749-AAEF-E2ACF37BF699}"
EndProject
Project("{2150E333-8FDC-42A3-9474-1A3956D46DE8}") = "Project1-Email", "Project1-Email", "{130C645B-BEBB-4989-A333-0B58A37DB7C1}"
EndProject
Project("{FAE04EC0-301F-11D3-BF4B-00C04F79EFBC}") = "BankExercise", "BankExercise\BankExercise.csproj", "{BE455311-34B2-40AE-92F9-4E9215927E10}"
EndProject
Project("{FAE04EC0-301F-11D3-BF4B-00C04F79EFBC}") = "BankExercise.Test", "BankExercise.Test\BankExercise.Test.csproj", "{41839354-E431-4217-A4D0-CC65DA702083}"
EndProject
Project("{FAE04EC0-301F-11D3-BF4B-00C04F79EFBC}") = "ValidationEngine", "ValidationEngine\ValidationEngine.csproj", "{FF9808A8-DE08-4FB0-86BA-0BF7AF264D63}"
EndProject
Project("{FAE04EC0-301F-11D3-BF4B-00C04F79EFBC}") = "ValidationEngine .Test", "ValidationEngine .Test\ValidationEngine .Test.csproj", "{5E89017A-C40B-48F5-866B-1874000D8A85}"
EndProject
Project("{2150E333-8FDC-42A3-9474-1A3956D46DE8}") = "Project-Kenya", "Project-Kenya", "{41FAA79D-3F5A-4B25-9F25-28C1CDE13141}"
EndProject
Project("{FAE04EC0-301F-11D3-BF4B-00C04F79EFBC}") = "TravelAgency", "TravelAgency\TravelAgency.csproj", "{D236B029-DBC5-45D7-98C3-F2509EACC337}"
EndProject
Project("{FAE04EC0-301F-11D3-BF4B-00C04F79EFBC}") = "TravelAgencyTests", "TravelAgencyTests\TravelAgencyTests.csproj", "{2716B0A5-89A1-4831-8E57-BB8095F385E9}"
EndProject
Global
	GlobalSection(SolutionConfigurationPlatforms) = preSolution
		Debug|Any CPU = Debug|Any CPU
		Release|Any CPU = Release|Any CPU
	EndGlobalSection
	GlobalSection(ProjectConfigurationPlatforms) = postSolution
		{BE455311-34B2-40AE-92F9-4E9215927E10}.Debug|Any CPU.ActiveCfg = Debug|Any CPU
		{BE455311-34B2-40AE-92F9-4E9215927E10}.Debug|Any CPU.Build.0 = Debug|Any CPU
		{BE455311-34B2-40AE-92F9-4E9215927E10}.Release|Any CPU.ActiveCfg = Release|Any CPU
		{BE455311-34B2-40AE-92F9-4E9215927E10}.Release|Any CPU.Build.0 = Release|Any CPU
		{41839354-E431-4217-A4D0-CC65DA702083}.Debug|Any CPU.ActiveCfg = Debug|Any CPU
		{41839354-E431-4217-A4D0-CC65DA702083}.Debug|Any CPU.Build.0 = Debug|Any CPU
		{41839354-E431-4217-A4D0-CC65DA702083}.Release|Any CPU.ActiveCfg = Release|Any CPU
		{41839354-E431-4217-A4D0-CC65DA702083}.Release|Any CPU.Build.0 = Release|Any CPU
		{FF9808A8-DE08-4FB0-86BA-0BF7AF264D63}.Debug|Any CPU.ActiveCfg = Debug|Any CPU
		{FF9808A8-DE08-4FB0-86BA-0BF7AF264D63}.Debug|Any CPU.Build.0 = Debug|Any CPU
		{FF9808A8-DE08-4FB0-86BA-0BF7AF264D63}.Release|Any CPU.ActiveCfg = Release|Any CPU
		{FF9808A8-DE08-4FB0-86BA-0BF7AF264D63}.Release|Any CPU.Build.0 = Release|Any CPU
		{5E89017A-C40B-48F5-866B-1874000D8A85}.Debug|Any CPU.ActiveCfg = Debug|Any CPU
		{5E89017A-C40B-48F5-866B-1874000D8A85}.Debug|Any CPU.Build.0 = Debug|Any CPU
		{5E89017A-C40B-48F5-866B-1874000D8A85}.Release|Any CPU.ActiveCfg = Release|Any CPU
		{5E89017A-C40B-48F5-866B-1874000D8A85}.Release|Any CPU.Build.0 = Release|Any CPU
		{D236B029-DBC5-45D7-98C3-F2509EACC337}.Debug|Any CPU.ActiveCfg = Debug|Any CPU
		{D236B029-DBC5-45D7-98C3-F2509EACC337}.Debug|Any CPU.Build.0 = Debug|Any CPU
		{D236B029-DBC5-45D7-98C3-F2509EACC337}.Release|Any CPU.ActiveCfg = Release|Any CPU
		{D236B029-DBC5-45D7-98C3-F2509EACC337}.Release|Any CPU.Build.0 = Release|Any CPU
		{2716B0A5-89A1-4831-8E57-BB8095F385E9}.Debug|Any CPU.ActiveCfg = Debug|Any CPU
		{2716B0A5-89A1-4831-8E57-BB8095F385E9}.Debug|Any CPU.Build.0 = Debug|Any CPU
		{2716B0A5-89A1-4831-8E57-BB8095F385E9}.Release|Any CPU.ActiveCfg = Release|Any CPU
		{2716B0A5-89A1-4831-8E57-BB8095F385E9}.Release|Any CPU.Build.0 = Release|Any CPU
	EndGlobalSection
	GlobalSection(SolutionProperties) = preSolution
		HideSolutionNode = FALSE
	EndGlobalSection
	GlobalSection(NestedProjects) = preSolution
		{BE455311-34B2-40AE-92F9-4E9215927E10} = {54048983-4044-4749-AAEF-E2ACF37BF699}
		{41839354-E431-4217-A4D0-CC65DA702083} = {54048983-4044-4749-AAEF-E2ACF37BF699}
		{FF9808A8-DE08-4FB0-86BA-0BF7AF264D63} = {130C645B-BEBB-4989-A333-0B58A37DB7C1}
		{5E89017A-C40B-48F5-866B-1874000D8A85} = {130C645B-BEBB-4989-A333-0B58A37DB7C1}
		{D236B029-DBC5-45D7-98C3-F2509EACC337} = {41FAA79D-3F5A-4B25-9F25-28C1CDE13141}
		{2716B0A5-89A1-4831-8E57-BB8095F385E9} = {41FAA79D-3F5A-4B25-9F25-28C1CDE13141}
	EndGlobalSection
EndGlobal
